// !$*UTF8*$!
{
	archiveVersion = 1;
	classes = {
	};
	objectVersion = 46;
	objects = {

/* Begin PBXBuildFile section */
		100983AE1D2C150F009D9276 /* main.m in Sources */ = {isa = PBXBuildFile; fileRef = 100983AD1D2C150F009D9276 /* main.m */; };
		100983B11D2C150F009D9276 /* AppDelegate.m in Sources */ = {isa = PBXBuildFile; fileRef = 100983B01D2C150F009D9276 /* AppDelegate.m */; };
		100983B71D2C150F009D9276 /* SecondViewController.m in Sources */ = {isa = PBXBuildFile; fileRef = 100983B61D2C150F009D9276 /* SecondViewController.m */; };
		100983BA1D2C150F009D9276 /* Main.storyboard in Resources */ = {isa = PBXBuildFile; fileRef = 100983B81D2C150F009D9276 /* Main.storyboard */; };
		100983BC1D2C150F009D9276 /* Assets.xcassets in Resources */ = {isa = PBXBuildFile; fileRef = 100983BB1D2C150F009D9276 /* Assets.xcassets */; };
		100983BF1D2C150F009D9276 /* LaunchScreen.storyboard in Resources */ = {isa = PBXBuildFile; fileRef = 100983BD1D2C150F009D9276 /* LaunchScreen.storyboard */; };
		100983CA1D2C150F009D9276 /* GalleryTests.m in Sources */ = {isa = PBXBuildFile; fileRef = 100983C91D2C150F009D9276 /* GalleryTests.m */; };
		100983D51D2C150F009D9276 /* GalleryUITests.m in Sources */ = {isa = PBXBuildFile; fileRef = 100983D41D2C150F009D9276 /* GalleryUITests.m */; };
		100983E41D2C152C009D9276 /* Social.framework in Frameworks */ = {isa = PBXBuildFile; fileRef = 100983E31D2C152C009D9276 /* Social.framework */; };
		100983E61D2C1533009D9276 /* Accounts.framework in Frameworks */ = {isa = PBXBuildFile; fileRef = 100983E51D2C1533009D9276 /* Accounts.framework */; };
		103E14731D2F04B7002A2598 /* MediaPreview.m in Sources */ = {isa = PBXBuildFile; fileRef = 103E14721D2F04B7002A2598 /* MediaPreview.m */; };
		103E14771D2F0519002A2598 /* PreviewController.m in Sources */ = {isa = PBXBuildFile; fileRef = 103E14761D2F0519002A2598 /* PreviewController.m */; };
		103E14801D303772002A2598 /* AssetViewController.m in Sources */ = {isa = PBXBuildFile; fileRef = 103E14791D303772002A2598 /* AssetViewController.m */; };
		103E14811D303772002A2598 /* AssetGroupViewController.m in Sources */ = {isa = PBXBuildFile; fileRef = 103E147B1D303772002A2598 /* AssetGroupViewController.m */; };
		103E14821D303772002A2598 /* FirstViewController.m in Sources */ = {isa = PBXBuildFile; fileRef = 103E147D1D303772002A2598 /* FirstViewController.m */; };
		103E14831D303772002A2598 /* AssetGroupTableCell.m in Sources */ = {isa = PBXBuildFile; fileRef = 103E147F1D303772002A2598 /* AssetGroupTableCell.m */; };
		103E14881D31848D002A2598 /* ThirdViewController.m in Sources */ = {isa = PBXBuildFile; fileRef = 103E14851D31848D002A2598 /* ThirdViewController.m */; };
		103E14891D31848D002A2598 /* TweetImageView.m in Sources */ = {isa = PBXBuildFile; fileRef = 103E14871D31848D002A2598 /* TweetImageView.m */; };
		107B9C3F1D31F6E3008E36F5 /* Reachability.m in Sources */ = {isa = PBXBuildFile; fileRef = 107B9C3E1D31F6E3008E36F5 /* Reachability.m */; };
/* End PBXBuildFile section */

/* Begin PBXContainerItemProxy section */
		100983C61D2C150F009D9276 /* PBXContainerItemProxy */ = {
			isa = PBXContainerItemProxy;
			containerPortal = 100983A11D2C150F009D9276 /* Project object */;
			proxyType = 1;
			remoteGlobalIDString = 100983A81D2C150F009D9276;
			remoteInfo = Gallery;
		};
		100983D11D2C150F009D9276 /* PBXContainerItemProxy */ = {
			isa = PBXContainerItemProxy;
			containerPortal = 100983A11D2C150F009D9276 /* Project object */;
			proxyType = 1;
			remoteGlobalIDString = 100983A81D2C150F009D9276;
			remoteInfo = Gallery;
		};
/* End PBXContainerItemProxy section */

/* Begin PBXFileReference section */
		100983A91D2C150F009D9276 /* Gallery.app */ = {isa = PBXFileReference; explicitFileType = wrapper.application; includeInIndex = 0; path = Gallery.app; sourceTree = BUILT_PRODUCTS_DIR; };
		100983AD1D2C150F009D9276 /* main.m */ = {isa = PBXFileReference; lastKnownFileType = sourcecode.c.objc; path = main.m; sourceTree = "<group>"; };
		100983AF1D2C150F009D9276 /* AppDelegate.h */ = {isa = PBXFileReference; lastKnownFileType = sourcecode.c.h; path = AppDelegate.h; sourceTree = "<group>"; };
		100983B01D2C150F009D9276 /* AppDelegate.m */ = {isa = PBXFileReference; lastKnownFileType = sourcecode.c.objc; path = AppDelegate.m; sourceTree = "<group>"; };
		100983B51D2C150F009D9276 /* SecondViewController.h */ = {isa = PBXFileReference; lastKnownFileType = sourcecode.c.h; path = SecondViewController.h; sourceTree = "<group>"; };
		100983B61D2C150F009D9276 /* SecondViewController.m */ = {isa = PBXFileReference; lastKnownFileType = sourcecode.c.objc; path = SecondViewController.m; sourceTree = "<group>"; };
		100983B91D2C150F009D9276 /* Base */ = {isa = PBXFileReference; lastKnownFileType = file.storyboard; name = Base; path = Base.lproj/Main.storyboard; sourceTree = "<group>"; };
		100983BB1D2C150F009D9276 /* Assets.xcassets */ = {isa = PBXFileReference; lastKnownFileType = folder.assetcatalog; path = Assets.xcassets; sourceTree = "<group>"; };
		100983BE1D2C150F009D9276 /* Base */ = {isa = PBXFileReference; lastKnownFileType = file.storyboard; name = Base; path = Base.lproj/LaunchScreen.storyboard; sourceTree = "<group>"; };
		100983C01D2C150F009D9276 /* Info.plist */ = {isa = PBXFileReference; lastKnownFileType = text.plist.xml; path = Info.plist; sourceTree = "<group>"; };
		100983C51D2C150F009D9276 /* GalleryTests.xctest */ = {isa = PBXFileReference; explicitFileType = wrapper.cfbundle; includeInIndex = 0; path = GalleryTests.xctest; sourceTree = BUILT_PRODUCTS_DIR; };
		100983C91D2C150F009D9276 /* GalleryTests.m */ = {isa = PBXFileReference; lastKnownFileType = sourcecode.c.objc; path = GalleryTests.m; sourceTree = "<group>"; };
		100983CB1D2C150F009D9276 /* Info.plist */ = {isa = PBXFileReference; lastKnownFileType = text.plist.xml; path = Info.plist; sourceTree = "<group>"; };
		100983D01D2C150F009D9276 /* GalleryUITests.xctest */ = {isa = PBXFileReference; explicitFileType = wrapper.cfbundle; includeInIndex = 0; path = GalleryUITests.xctest; sourceTree = BUILT_PRODUCTS_DIR; };
		100983D41D2C150F009D9276 /* GalleryUITests.m */ = {isa = PBXFileReference; lastKnownFileType = sourcecode.c.objc; path = GalleryUITests.m; sourceTree = "<group>"; };
		100983D61D2C150F009D9276 /* Info.plist */ = {isa = PBXFileReference; lastKnownFileType = text.plist.xml; path = Info.plist; sourceTree = "<group>"; };
		100983E31D2C152C009D9276 /* Social.framework */ = {isa = PBXFileReference; lastKnownFileType = wrapper.framework; name = Social.framework; path = System/Library/Frameworks/Social.framework; sourceTree = SDKROOT; };
		100983E51D2C1533009D9276 /* Accounts.framework */ = {isa = PBXFileReference; lastKnownFileType = wrapper.framework; name = Accounts.framework; path = System/Library/Frameworks/Accounts.framework; sourceTree = SDKROOT; };
		103E14721D2F04B7002A2598 /* MediaPreview.m */ = {isa = PBXFileReference; fileEncoding = 4; lastKnownFileType = sourcecode.c.objc; path = MediaPreview.m; sourceTree = "<group>"; };
		103E14741D2F04D0002A2598 /* MediaPreview.h */ = {isa = PBXFileReference; lastKnownFileType = sourcecode.c.h; path = MediaPreview.h; sourceTree = "<group>"; };
		103E14751D2F0513002A2598 /* PreviewController.h */ = {isa = PBXFileReference; lastKnownFileType = sourcecode.c.h; path = PreviewController.h; sourceTree = "<group>"; };
		103E14761D2F0519002A2598 /* PreviewController.m */ = {isa = PBXFileReference; fileEncoding = 4; lastKnownFileType = sourcecode.c.objc; path = PreviewController.m; sourceTree = "<group>"; };
		103E14781D303772002A2598 /* AssetViewController.h */ = {isa = PBXFileReference; fileEncoding = 4; lastKnownFileType = sourcecode.c.h; path = AssetViewController.h; sourceTree = "<group>"; };
		103E14791D303772002A2598 /* AssetViewController.m */ = {isa = PBXFileReference; fileEncoding = 4; lastKnownFileType = sourcecode.c.objc; path = AssetViewController.m; sourceTree = "<group>"; };
		103E147A1D303772002A2598 /* AssetGroupViewController.h */ = {isa = PBXFileReference; fileEncoding = 4; lastKnownFileType = sourcecode.c.h; path = AssetGroupViewController.h; sourceTree = "<group>"; };
		103E147B1D303772002A2598 /* AssetGroupViewController.m */ = {isa = PBXFileReference; fileEncoding = 4; lastKnownFileType = sourcecode.c.objc; path = AssetGroupViewController.m; sourceTree = "<group>"; };
		103E147C1D303772002A2598 /* FirstViewController.h */ = {isa = PBXFileReference; fileEncoding = 4; lastKnownFileType = sourcecode.c.h; path = FirstViewController.h; sourceTree = "<group>"; };
		103E147D1D303772002A2598 /* FirstViewController.m */ = {isa = PBXFileReference; fileEncoding = 4; lastKnownFileType = sourcecode.c.objc; path = FirstViewController.m; sourceTree = "<group>"; };
		103E147E1D303772002A2598 /* AssetGroupTableCell.h */ = {isa = PBXFileReference; fileEncoding = 4; lastKnownFileType = sourcecode.c.h; path = AssetGroupTableCell.h; sourceTree = "<group>"; };
		103E147F1D303772002A2598 /* AssetGroupTableCell.m */ = {isa = PBXFileReference; fileEncoding = 4; lastKnownFileType = sourcecode.c.objc; path = AssetGroupTableCell.m; sourceTree = "<group>"; };
		103E14841D31848D002A2598 /* ThirdViewController.h */ = {isa = PBXFileReference; fileEncoding = 4; lastKnownFileType = sourcecode.c.h; path = ThirdViewController.h; sourceTree = "<group>"; };
		103E14851D31848D002A2598 /* ThirdViewController.m */ = {isa = PBXFileReference; fileEncoding = 4; lastKnownFileType = sourcecode.c.objc; path = ThirdViewController.m; sourceTree = "<group>"; };
		103E14861D31848D002A2598 /* TweetImageView.h */ = {isa = PBXFileReference; fileEncoding = 4; lastKnownFileType = sourcecode.c.h; path = TweetImageView.h; sourceTree = "<group>"; };
		103E14871D31848D002A2598 /* TweetImageView.m */ = {isa = PBXFileReference; fileEncoding = 4; lastKnownFileType = sourcecode.c.objc; path = TweetImageView.m; sourceTree = "<group>"; };
		107B9C3D1D31F6E3008E36F5 /* Reachability.h */ = {isa = PBXFileReference; fileEncoding = 4; lastKnownFileType = sourcecode.c.h; path = Reachability.h; sourceTree = "<group>"; };
		107B9C3E1D31F6E3008E36F5 /* Reachability.m */ = {isa = PBXFileReference; fileEncoding = 4; lastKnownFileType = sourcecode.c.objc; path = Reachability.m; sourceTree = "<group>"; };
/* End PBXFileReference section */

/* Begin PBXFrameworksBuildPhase section */
		100983A61D2C150F009D9276 /* Frameworks */ = {
			isa = PBXFrameworksBuildPhase;
			buildActionMask = 2147483647;
			files = (
				100983E61D2C1533009D9276 /* Accounts.framework in Frameworks */,
				100983E41D2C152C009D9276 /* Social.framework in Frameworks */,
			);
			runOnlyForDeploymentPostprocessing = 0;
		};
		100983C21D2C150F009D9276 /* Frameworks */ = {
			isa = PBXFrameworksBuildPhase;
			buildActionMask = 2147483647;
			files = (
			);
			runOnlyForDeploymentPostprocessing = 0;
		};
		100983CD1D2C150F009D9276 /* Frameworks */ = {
			isa = PBXFrameworksBuildPhase;
			buildActionMask = 2147483647;
			files = (
			);
			runOnlyForDeploymentPostprocessing = 0;
		};
/* End PBXFrameworksBuildPhase section */

/* Begin PBXGroup section */
		100983A01D2C150F009D9276 = {
			isa = PBXGroup;
			children = (
				100983AB1D2C150F009D9276 /* Gallery */,
				100983C81D2C150F009D9276 /* GalleryTests */,
				100983D31D2C150F009D9276 /* GalleryUITests */,
				100983AA1D2C150F009D9276 /* Products */,
				100983E21D2C152C009D9276 /* Frameworks */,
			);
			sourceTree = "<group>";
		};
		100983AA1D2C150F009D9276 /* Products */ = {
			isa = PBXGroup;
			children = (
				100983A91D2C150F009D9276 /* Gallery.app */,
				100983C51D2C150F009D9276 /* GalleryTests.xctest */,
				100983D01D2C150F009D9276 /* GalleryUITests.xctest */,
			);
			name = Products;
			sourceTree = "<group>";
		};
		100983AB1D2C150F009D9276 /* Gallery */ = {
			isa = PBXGroup;
			children = (
				100983AF1D2C150F009D9276 /* AppDelegate.h */,
				100983B01D2C150F009D9276 /* AppDelegate.m */,
				107B9C3D1D31F6E3008E36F5 /* Reachability.h */,
				107B9C3E1D31F6E3008E36F5 /* Reachability.m */,
				100983B51D2C150F009D9276 /* SecondViewController.h */,
				100983B61D2C150F009D9276 /* SecondViewController.m */,
				103E14741D2F04D0002A2598 /* MediaPreview.h */,
				103E14721D2F04B7002A2598 /* MediaPreview.m */,
				103E14761D2F0519002A2598 /* PreviewController.m */,
				103E14751D2F0513002A2598 /* PreviewController.h */,
				103E14781D303772002A2598 /* AssetViewController.h */,
				103E14791D303772002A2598 /* AssetViewController.m */,
				103E147A1D303772002A2598 /* AssetGroupViewController.h */,
				103E147B1D303772002A2598 /* AssetGroupViewController.m */,
				103E147C1D303772002A2598 /* FirstViewController.h */,
				103E147D1D303772002A2598 /* FirstViewController.m */,
				103E147E1D303772002A2598 /* AssetGroupTableCell.h */,
				103E147F1D303772002A2598 /* AssetGroupTableCell.m */,
				103E14841D31848D002A2598 /* ThirdViewController.h */,
				103E14851D31848D002A2598 /* ThirdViewController.m */,
				103E14861D31848D002A2598 /* TweetImageView.h */,
				103E14871D31848D002A2598 /* TweetImageView.m */,
				100983B81D2C150F009D9276 /* Main.storyboard */,
				100983BB1D2C150F009D9276 /* Assets.xcassets */,
				100983BD1D2C150F009D9276 /* LaunchScreen.storyboard */,
				100983C01D2C150F009D9276 /* Info.plist */,
				100983AC1D2C150F009D9276 /* Supporting Files */,
			);
			path = Gallery;
			sourceTree = "<group>";
		};
		100983AC1D2C150F009D9276 /* Supporting Files */ = {
			isa = PBXGroup;
			children = (
				100983AD1D2C150F009D9276 /* main.m */,
			);
			name = "Supporting Files";
			sourceTree = "<group>";
		};
		100983C81D2C150F009D9276 /* GalleryTests */ = {
			isa = PBXGroup;
			children = (
				100983C91D2C150F009D9276 /* GalleryTests.m */,
				100983CB1D2C150F009D9276 /* Info.plist */,
			);
			path = GalleryTests;
			sourceTree = "<group>";
		};
		100983D31D2C150F009D9276 /* GalleryUITests */ = {
			isa = PBXGroup;
			children = (
				100983D41D2C150F009D9276 /* GalleryUITests.m */,
				100983D61D2C150F009D9276 /* Info.plist */,
			);
			path = GalleryUITests;
			sourceTree = "<group>";
		};
		100983E21D2C152C009D9276 /* Frameworks */ = {
			isa = PBXGroup;
			children = (
				100983E51D2C1533009D9276 /* Accounts.framework */,
				100983E31D2C152C009D9276 /* Social.framework */,
			);
			name = Frameworks;
			sourceTree = "<group>";
		};
/* End PBXGroup section */

/* Begin PBXNativeTarget section */
		100983A81D2C150F009D9276 /* Gallery */ = {
			isa = PBXNativeTarget;
			buildConfigurationList = 100983D91D2C150F009D9276 /* Build configuration list for PBXNativeTarget "Gallery" */;
			buildPhases = (
				100983A51D2C150F009D9276 /* Sources */,
				100983A61D2C150F009D9276 /* Frameworks */,
				100983A71D2C150F009D9276 /* Resources */,
			);
			buildRules = (
			);
			dependencies = (
			);
			name = Gallery;
			productName = Gallery;
			productReference = 100983A91D2C150F009D9276 /* Gallery.app */;
			productType = "com.apple.product-type.application";
		};
		100983C41D2C150F009D9276 /* GalleryTests */ = {
			isa = PBXNativeTarget;
			buildConfigurationList = 100983DC1D2C150F009D9276 /* Build configuration list for PBXNativeTarget "GalleryTests" */;
			buildPhases = (
				100983C11D2C150F009D9276 /* Sources */,
				100983C21D2C150F009D9276 /* Frameworks */,
				100983C31D2C150F009D9276 /* Resources */,
			);
			buildRules = (
			);
			dependencies = (
				100983C71D2C150F009D9276 /* PBXTargetDependency */,
			);
			name = GalleryTests;
			productName = GalleryTests;
			productReference = 100983C51D2C150F009D9276 /* GalleryTests.xctest */;
			productType = "com.apple.product-type.bundle.unit-test";
		};
		100983CF1D2C150F009D9276 /* GalleryUITests */ = {
			isa = PBXNativeTarget;
			buildConfigurationList = 100983DF1D2C150F009D9276 /* Build configuration list for PBXNativeTarget "GalleryUITests" */;
			buildPhases = (
				100983CC1D2C150F009D9276 /* Sources */,
				100983CD1D2C150F009D9276 /* Frameworks */,
				100983CE1D2C150F009D9276 /* Resources */,
			);
			buildRules = (
			);
			dependencies = (
				100983D21D2C150F009D9276 /* PBXTargetDependency */,
			);
			name = GalleryUITests;
			productName = GalleryUITests;
			productReference = 100983D01D2C150F009D9276 /* GalleryUITests.xctest */;
			productType = "com.apple.product-type.bundle.ui-testing";
		};
/* End PBXNativeTarget section */

/* Begin PBXProject section */
		100983A11D2C150F009D9276 /* Project object */ = {
			isa = PBXProject;
			attributes = {
				LastUpgradeCheck = 0800;
				ORGANIZATIONNAME = cmu;
				TargetAttributes = {
					100983A81D2C150F009D9276 = {
						CreatedOnToolsVersion = 8.0;
						DevelopmentTeam = 9VUC3R8D65;
						DevelopmentTeamName = "Carnegie Mellon University (University Contracts Office )";
						ProvisioningStyle = Automatic;
					};
					100983C41D2C150F009D9276 = {
						CreatedOnToolsVersion = 8.0;
						DevelopmentTeam = 9VUC3R8D65;
						DevelopmentTeamName = "Carnegie Mellon University (University Contracts Office )";
						ProvisioningStyle = Automatic;
						TestTargetID = 100983A81D2C150F009D9276;
					};
					100983CF1D2C150F009D9276 = {
						CreatedOnToolsVersion = 8.0;
						DevelopmentTeam = 9VUC3R8D65;
						DevelopmentTeamName = "Carnegie Mellon University (University Contracts Office )";
						ProvisioningStyle = Automatic;
						TestTargetID = 100983A81D2C150F009D9276;
					};
				};
			};
			buildConfigurationList = 100983A41D2C150F009D9276 /* Build configuration list for PBXProject "Gallery" */;
			compatibilityVersion = "Xcode 3.2";
			developmentRegion = English;
			hasScannedForEncodings = 0;
			knownRegions = (
				en,
				Base,
			);
			mainGroup = 100983A01D2C150F009D9276;
			productRefGroup = 100983AA1D2C150F009D9276 /* Products */;
			projectDirPath = "";
			projectRoot = "";
			targets = (
				100983A81D2C150F009D9276 /* Gallery */,
				100983C41D2C150F009D9276 /* GalleryTests */,
				100983CF1D2C150F009D9276 /* GalleryUITests */,
			);
		};
/* End PBXProject section */

/* Begin PBXResourcesBuildPhase section */
		100983A71D2C150F009D9276 /* Resources */ = {
			isa = PBXResourcesBuildPhase;
			buildActionMask = 2147483647;
			files = (
				100983BF1D2C150F009D9276 /* LaunchScreen.storyboard in Resources */,
				100983BC1D2C150F009D9276 /* Assets.xcassets in Resources */,
				100983BA1D2C150F009D9276 /* Main.storyboard in Resources */,
			);
			runOnlyForDeploymentPostprocessing = 0;
		};
		100983C31D2C150F009D9276 /* Resources */ = {
			isa = PBXResourcesBuildPhase;
			buildActionMask = 2147483647;
			files = (
			);
			runOnlyForDeploymentPostprocessing = 0;
		};
		100983CE1D2C150F009D9276 /* Resources */ = {
			isa = PBXResourcesBuildPhase;
			buildActionMask = 2147483647;
			files = (
			);
			runOnlyForDeploymentPostprocessing = 0;
		};
/* End PBXResourcesBuildPhase section */

/* Begin PBXSourcesBuildPhase section */
		100983A51D2C150F009D9276 /* Sources */ = {
			isa = PBXSourcesBuildPhase;
			buildActionMask = 2147483647;
			files = (
				103E14731D2F04B7002A2598 /* MediaPreview.m in Sources */,
				103E14811D303772002A2598 /* AssetGroupViewController.m in Sources */,
				100983B71D2C150F009D9276 /* SecondViewController.m in Sources */,
				103E14891D31848D002A2598 /* TweetImageView.m in Sources */,
				103E14801D303772002A2598 /* AssetViewController.m in Sources */,
				103E14771D2F0519002A2598 /* PreviewController.m in Sources */,
				100983B11D2C150F009D9276 /* AppDelegate.m in Sources */,
				103E14881D31848D002A2598 /* ThirdViewController.m in Sources */,
				100983AE1D2C150F009D9276 /* main.m in Sources */,
				103E14821D303772002A2598 /* FirstViewController.m in Sources */,
				107B9C3F1D31F6E3008E36F5 /* Reachability.m in Sources */,
				103E14831D303772002A2598 /* AssetGroupTableCell.m in Sources */,
			);
			runOnlyForDeploymentPostprocessing = 0;
		};
		100983C11D2C150F009D9276 /* Sources */ = {
			isa = PBXSourcesBuildPhase;
			buildActionMask = 2147483647;
			files = (
				100983CA1D2C150F009D9276 /* GalleryTests.m in Sources */,
			);
			runOnlyForDeploymentPostprocessing = 0;
		};
		100983CC1D2C150F009D9276 /* Sources */ = {
			isa = PBXSourcesBuildPhase;
			buildActionMask = 2147483647;
			files = (
				100983D51D2C150F009D9276 /* GalleryUITests.m in Sources */,
			);
			runOnlyForDeploymentPostprocessing = 0;
		};
/* End PBXSourcesBuildPhase section */

/* Begin PBXTargetDependency section */
		100983C71D2C150F009D9276 /* PBXTargetDependency */ = {
			isa = PBXTargetDependency;
			target = 100983A81D2C150F009D9276 /* Gallery */;
			targetProxy = 100983C61D2C150F009D9276 /* PBXContainerItemProxy */;
		};
		100983D21D2C150F009D9276 /* PBXTargetDependency */ = {
			isa = PBXTargetDependency;
			target = 100983A81D2C150F009D9276 /* Gallery */;
			targetProxy = 100983D11D2C150F009D9276 /* PBXContainerItemProxy */;
		};
/* End PBXTargetDependency section */

/* Begin PBXVariantGroup section */
		100983B81D2C150F009D9276 /* Main.storyboard */ = {
			isa = PBXVariantGroup;
			children = (
				100983B91D2C150F009D9276 /* Base */,
			);
			name = Main.storyboard;
			sourceTree = "<group>";
		};
		100983BD1D2C150F009D9276 /* LaunchScreen.storyboard */ = {
			isa = PBXVariantGroup;
			children = (
				100983BE1D2C150F009D9276 /* Base */,
			);
			name = LaunchScreen.storyboard;
			sourceTree = "<group>";
		};
/* End PBXVariantGroup section */

/* Begin XCBuildConfiguration section */
		100983D71D2C150F009D9276 /* Debug */ = {
			isa = XCBuildConfiguration;
			buildSettings = {
				ALWAYS_SEARCH_USER_PATHS = NO;
				CLANG_ANALYZER_NONNULL = YES;
				CLANG_CXX_LANGUAGE_STANDARD = "gnu++0x";
				CLANG_CXX_LIBRARY = "libc++";
				CLANG_ENABLE_MODULES = YES;
				CLANG_ENABLE_OBJC_ARC = YES;
				CLANG_WARN_BOOL_CONVERSION = YES;
				CLANG_WARN_CONSTANT_CONVERSION = YES;
				CLANG_WARN_DIRECT_OBJC_ISA_USAGE = YES_ERROR;
				CLANG_WARN_DOCUMENTATION_COMMENTS = YES;
				CLANG_WARN_EMPTY_BODY = YES;
				CLANG_WARN_ENUM_CONVERSION = YES;
				CLANG_WARN_INT_CONVERSION = YES;
				CLANG_WARN_OBJC_ROOT_CLASS = YES_ERROR;
				CLANG_WARN_UNREACHABLE_CODE = YES;
				CLANG_WARN__DUPLICATE_METHOD_MATCH = YES;
				"CODE_SIGN_IDENTITY[sdk=iphoneos*]" = "iPhone Developer";
				COPY_PHASE_STRIP = NO;
				DEBUG_INFORMATION_FORMAT = dwarf;
				ENABLE_STRICT_OBJC_MSGSEND = YES;
				ENABLE_TESTABILITY = YES;
				GCC_C_LANGUAGE_STANDARD = gnu99;
				GCC_DYNAMIC_NO_PIC = NO;
				GCC_NO_COMMON_BLOCKS = YES;
				GCC_OPTIMIZATION_LEVEL = 0;
				GCC_PREPROCESSOR_DEFINITIONS = (
					"DEBUG=1",
					"$(inherited)",
				);
				GCC_WARN_64_TO_32_BIT_CONVERSION = YES;
				GCC_WARN_ABOUT_RETURN_TYPE = YES_ERROR;
				GCC_WARN_UNDECLARED_SELECTOR = YES;
				GCC_WARN_UNINITIALIZED_AUTOS = YES_AGGRESSIVE;
				GCC_WARN_UNUSED_FUNCTION = YES;
				GCC_WARN_UNUSED_VARIABLE = YES;
				IPHONEOS_DEPLOYMENT_TARGET = 10.0;
				MTL_ENABLE_DEBUG_INFO = YES;
				ONLY_ACTIVE_ARCH = YES;
				SDKROOT = iphoneos;
			};
			name = Debug;
		};
		100983D81D2C150F009D9276 /* Release */ = {
			isa = XCBuildConfiguration;
			buildSettings = {
				ALWAYS_SEARCH_USER_PATHS = NO;
				CLANG_ANALYZER_NONNULL = YES;
				CLANG_CXX_LANGUAGE_STANDARD = "gnu++0x";
				CLANG_CXX_LIBRARY = "libc++";
				CLANG_ENABLE_MODULES = YES;
				CLANG_ENABLE_OBJC_ARC = YES;
				CLANG_WARN_BOOL_CONVERSION = YES;
				CLANG_WARN_CONSTANT_CONVERSION = YES;
				CLANG_WARN_DIRECT_OBJC_ISA_USAGE = YES_ERROR;
				CLANG_WARN_DOCUMENTATION_COMMENTS = YES;
				CLANG_WARN_EMPTY_BODY = YES;
				CLANG_WARN_ENUM_CONVERSION = YES;
				CLANG_WARN_INT_CONVERSION = YES;
				CLANG_WARN_OBJC_ROOT_CLASS = YES_ERROR;
				CLANG_WARN_UNREACHABLE_CODE = YES;
				CLANG_WARN__DUPLICATE_METHOD_MATCH = YES;
				"CODE_SIGN_IDENTITY[sdk=iphoneos*]" = "iPhone Developer";
				COPY_PHASE_STRIP = NO;
				DEBUG_INFORMATION_FORMAT = "dwarf-with-dsym";
				ENABLE_NS_ASSERTIONS = NO;
				ENABLE_STRICT_OBJC_MSGSEND = YES;
				GCC_C_LANGUAGE_STANDARD = gnu99;
				GCC_NO_COMMON_BLOCKS = YES;
				GCC_WARN_64_TO_32_BIT_CONVERSION = YES;
				GCC_WARN_ABOUT_RETURN_TYPE = YES_ERROR;
				GCC_WARN_UNDECLARED_SELECTOR = YES;
				GCC_WARN_UNINITIALIZED_AUTOS = YES_AGGRESSIVE;
				GCC_WARN_UNUSED_FUNCTION = YES;
				GCC_WARN_UNUSED_VARIABLE = YES;
				IPHONEOS_DEPLOYMENT_TARGET = 10.0;
				MTL_ENABLE_DEBUG_INFO = NO;
				SDKROOT = iphoneos;
				VALIDATE_PRODUCT = YES;
			};
			name = Release;
		};
		100983DA1D2C150F009D9276 /* Debug */ = {
			isa = XCBuildConfiguration;
			buildSettings = {
				ASSETCATALOG_COMPILER_APPICON_NAME = AppIcon;
				"CODE_SIGN_IDENTITY[sdk=iphoneos*]" = "iPhone Developer";
				INFOPLIST_FILE = Gallery/Info.plist;
				IPHONEOS_DEPLOYMENT_TARGET = 8.0;
				LD_RUNPATH_SEARCH_PATHS = "$(inherited) @executable_path/Frameworks";
				PRODUCT_BUNDLE_IDENTIFIER = "com.cmu.sbadrina-gallery";
				PRODUCT_NAME = "$(TARGET_NAME)";
			};
			name = Debug;
		};
		100983DB1D2C150F009D9276 /* Release */ = {
			isa = XCBuildConfiguration;
			buildSettings = {
				ASSETCATALOG_COMPILER_APPICON_NAME = AppIcon;
				"CODE_SIGN_IDENTITY[sdk=iphoneos*]" = "iPhone Developer";
				INFOPLIST_FILE = Gallery/Info.plist;
				IPHONEOS_DEPLOYMENT_TARGET = 8.0;
				LD_RUNPATH_SEARCH_PATHS = "$(inherited) @executable_path/Frameworks";
				PRODUCT_BUNDLE_IDENTIFIER = "com.cmu.sbadrina-gallery";
				PRODUCT_NAME = "$(TARGET_NAME)";
			};
			name = Release;
		};
		100983DD1D2C150F009D9276 /* Debug */ = {
			isa = XCBuildConfiguration;
			buildSettings = {
				BUNDLE_LOADER = "$(TEST_HOST)";
				INFOPLIST_FILE = GalleryTests/Info.plist;
				LD_RUNPATH_SEARCH_PATHS = "$(inherited) @executable_path/Frameworks @loader_path/Frameworks";
				PRODUCT_BUNDLE_IDENTIFIER = com.cmu.GalleryTests;
				PRODUCT_NAME = "$(TARGET_NAME)";
				TEST_HOST = "$(BUILT_PRODUCTS_DIR)/Gallery.app/Gallery";
			};
			name = Debug;
		};
		100983DE1D2C150F009D9276 /* Release */ = {
			isa = XCBuildConfiguration;
			buildSettings = {
				BUNDLE_LOADER = "$(TEST_HOST)";
				INFOPLIST_FILE = GalleryTests/Info.plist;
				LD_RUNPATH_SEARCH_PATHS = "$(inherited) @executable_path/Frameworks @loader_path/Frameworks";
				PRODUCT_BUNDLE_IDENTIFIER = com.cmu.GalleryTests;
				PRODUCT_NAME = "$(TARGET_NAME)";
				TEST_HOST = "$(BUILT_PRODUCTS_DIR)/Gallery.app/Gallery";
			};
			name = Release;
		};
		100983E01D2C150F009D9276 /* Debug */ = {
			isa = XCBuildConfiguration;
			buildSettings = {
				INFOPLIST_FILE = GalleryUITests/Info.plist;
				LD_RUNPATH_SEARCH_PATHS = "$(inherited) @executable_path/Frameworks @loader_path/Frameworks";
				PRODUCT_BUNDLE_IDENTIFIER = com.cmu.GalleryUITests;
				PRODUCT_NAME = "$(TARGET_NAME)";
				TEST_TARGET_NAME = Gallery;
			};
			name = Debug;
		};
		100983E11D2C150F009D9276 /* Release */ = {
			isa = XCBuildConfiguration;
			buildSettings = {
				INFOPLIST_FILE = GalleryUITests/Info.plist;
				LD_RUNPATH_SEARCH_PATHS = "$(inherited) @executable_path/Frameworks @loader_path/Frameworks";
				PRODUCT_BUNDLE_IDENTIFIER = com.cmu.GalleryUITests;
				PRODUCT_NAME = "$(TARGET_NAME)";
				TEST_TARGET_NAME = Gallery;
			};
			name = Release;
		};
/* End XCBuildConfiguration section */

/* Begin XCConfigurationList section */
		100983A41D2C150F009D9276 /* Build configuration list for PBXProject "Gallery" */ = {
			isa = XCConfigurationList;
			buildConfigurations = (
				100983D71D2C150F009D9276 /* Debug */,
				100983D81D2C150F009D9276 /* Release */,
			);
			defaultConfigurationIsVisible = 0;
			defaultConfigurationName = Release;
		};
		100983D91D2C150F009D9276 /* Build configuration list for PBXNativeTarget "Gallery" */ = {
			isa = XCConfigurationList;
			buildConfigurations = (
				100983DA1D2C150F009D9276 /* Debug */,
				100983DB1D2C150F009D9276 /* Release */,
			);
			defaultConfigurationIsVisible = 0;
			defaultConfigurationName = Release;
		};
		100983DC1D2C150F009D9276 /* Build configuration list for PBXNativeTarget "GalleryTests" */ = {
			isa = XCConfigurationList;
			buildConfigurations = (
				100983DD1D2C150F009D9276 /* Debug */,
				100983DE1D2C150F009D9276 /* Release */,
			);
			defaultConfigurationIsVisible = 0;
			defaultConfigurationName = Release;
		};
		100983DF1D2C150F009D9276 /* Build configuration list for PBXNativeTarget "GalleryUITests" */ = {
			isa = XCConfigurationList;
			buildConfigurations = (
				100983E01D2C150F009D9276 /* Debug */,
				100983E11D2C150F009D9276 /* Release */,
			);
			defaultConfigurationIsVisible = 0;
			defaultConfigurationName = Release;
		};
/* End XCConfigurationList section */
	};
	rootObject = 100983A11D2C150F009D9276 /* Project object */;
}
